
Microsoft Visual Studio Solution File, Format Version 12.00
# Visual Studio Version 17
VisualStudioVersion = 17.10.35027.167
MinimumVisualStudioVersion = 10.0.40219.1
Project("{FAE04EC0-301F-11D3-BF4B-00C04F79EFBC}") = "HomeServer-Backend", "HomeServer-Backend.csproj", "{90909B7D-A1D9-4A46-975E-92B140361014}"
EndProject
Global
	GlobalSection(SolutionConfigurationPlatforms) = preSolution
		Debug|Any CPU = Debug|Any CPU
		Release|Any CPU = Release|Any CPU
	EndGlobalSection
	GlobalSection(ProjectConfigurationPlatforms) = postSolution
		{90909B7D-A1D9-4A46-975E-92B140361014}.Debug|Any CPU.ActiveCfg = Debug|Any CPU
		{90909B7D-A1D9-4A46-975E-92B140361014}.Debug|Any CPU.Build.0 = Debug|Any CPU
		{90909B7D-A1D9-4A46-975E-92B140361014}.Release|Any CPU.ActiveCfg = Release|Any CPU
		{90909B7D-A1D9-4A46-975E-92B140361014}.Release|Any CPU.Build.0 = Release|Any CPU
	EndGlobalSection
	GlobalSection(SolutionProperties) = preSolution
		HideSolutionNode = FALSE
	EndGlobalSection
	GlobalSection(ExtensibilityGlobals) = postSolution
		SolutionGuid = {999C125F-B98B-48D0-BE65-B004E4D28FFA}
	EndGlobalSection
EndGlobal
